
Microsoft Visual Studio Solution File, Format Version 12.00
# Visual Studio Version 17
VisualStudioVersion = 17.1.32319.34
MinimumVisualStudioVersion = 10.0.40219.1
Project("{FAE04EC0-301F-11D3-BF4B-00C04F79EFBC}") = "PasswordGenerator", "PasswordGenerator.csproj", "{28BBE152-0F53-4DE1-8C56-76B04AF882C3}"
EndProject
Global
	GlobalSection(SolutionConfigurationPlatforms) = preSolution
		Debug|Any CPU = Debug|Any CPU
		Release|Any CPU = Release|Any CPU
	EndGlobalSection
	GlobalSection(ProjectConfigurationPlatforms) = postSolution
		{28BBE152-0F53-4DE1-8C56-76B04AF882C3}.Debug|Any CPU.ActiveCfg = Debug|Any CPU
		{28BBE152-0F53-4DE1-8C56-76B04AF882C3}.Debug|Any CPU.Build.0 = Debug|Any CPU
		{28BBE152-0F53-4DE1-8C56-76B04AF882C3}.Release|Any CPU.ActiveCfg = Release|Any CPU
		{28BBE152-0F53-4DE1-8C56-76B04AF882C3}.Release|Any CPU.Build.0 = Release|Any CPU
	EndGlobalSection
	GlobalSection(SolutionProperties) = preSolution
		HideSolutionNode = FALSE
	EndGlobalSection
	GlobalSection(ExtensibilityGlobals) = postSolution
		SolutionGuid = {D7E588A8-CFEA-481E-A2ED-7561C23EC22B}
	EndGlobalSection
EndGlobal
